
Microsoft Visual Studio Solution File, Format Version 12.00
# Visual Studio Version 16
VisualStudioVersion = 16.0.30717.126
MinimumVisualStudioVersion = 10.0.40219.1
Project("{FAE04EC0-301F-11D3-BF4B-00C04F79EFBC}") = "WebAppDashboard", "WebAppDashboard\WebAppDashboard.csproj", "{8A126784-7F62-44C3-8B97-6202976B8915}"
EndProject
Project("{FAE04EC0-301F-11D3-BF4B-00C04F79EFBC}") = "AmazonModel", "AmazonModel\AmazonModel.csproj", "{AA36D2C2-67A2-4D7F-9E1D-FB8A3D320C64}"
EndProject
Global
	GlobalSection(SolutionConfigurationPlatforms) = preSolution
		Debug|Any CPU = Debug|Any CPU
		Release|Any CPU = Release|Any CPU
	EndGlobalSection
	GlobalSection(ProjectConfigurationPlatforms) = postSolution
		{8A126784-7F62-44C3-8B97-6202976B8915}.Debug|Any CPU.ActiveCfg = Debug|Any CPU
		{8A126784-7F62-44C3-8B97-6202976B8915}.Debug|Any CPU.Build.0 = Debug|Any CPU
		{8A126784-7F62-44C3-8B97-6202976B8915}.Release|Any CPU.ActiveCfg = Release|Any CPU
		{8A126784-7F62-44C3-8B97-6202976B8915}.Release|Any CPU.Build.0 = Release|Any CPU
		{AA36D2C2-67A2-4D7F-9E1D-FB8A3D320C64}.Debug|Any CPU.ActiveCfg = Debug|Any CPU
		{AA36D2C2-67A2-4D7F-9E1D-FB8A3D320C64}.Debug|Any CPU.Build.0 = Debug|Any CPU
		{AA36D2C2-67A2-4D7F-9E1D-FB8A3D320C64}.Release|Any CPU.ActiveCfg = Release|Any CPU
		{AA36D2C2-67A2-4D7F-9E1D-FB8A3D320C64}.Release|Any CPU.Build.0 = Release|Any CPU
	EndGlobalSection
	GlobalSection(SolutionProperties) = preSolution
		HideSolutionNode = FALSE
	EndGlobalSection
	GlobalSection(ExtensibilityGlobals) = postSolution
		SolutionGuid = {333DB0A4-250D-4041-8599-638E57BAFB2D}
	EndGlobalSection
EndGlobal
